
Microsoft Visual Studio Solution File, Format Version 12.00
# Visual Studio Version 17
VisualStudioVersion = 17.10.34814.14
MinimumVisualStudioVersion = 10.0.40219.1
Project("{FAE04EC0-301F-11D3-BF4B-00C04F79EFBC}") = "Kalamus.Server", "Kalamus.Server\Kalamus.Server.csproj", "{B3FB76DA-0D7C-40EE-8718-6697EC6E246B}"
EndProject
Project("{54A90642-561A-4BB1-A94E-469ADEE60C69}") = "kalamus.client", "kalamus.client\kalamus.client.esproj", "{12919B20-E911-4F34-BC6D-B8D2E6AEF602}"
EndProject
Global
	GlobalSection(SolutionConfigurationPlatforms) = preSolution
		Debug|Any CPU = Debug|Any CPU
		Release|Any CPU = Release|Any CPU
	EndGlobalSection
	GlobalSection(ProjectConfigurationPlatforms) = postSolution
		{B3FB76DA-0D7C-40EE-8718-6697EC6E246B}.Debug|Any CPU.ActiveCfg = Debug|Any CPU
		{B3FB76DA-0D7C-40EE-8718-6697EC6E246B}.Debug|Any CPU.Build.0 = Debug|Any CPU
		{B3FB76DA-0D7C-40EE-8718-6697EC6E246B}.Release|Any CPU.ActiveCfg = Release|Any CPU
		{B3FB76DA-0D7C-40EE-8718-6697EC6E246B}.Release|Any CPU.Build.0 = Release|Any CPU
		{12919B20-E911-4F34-BC6D-B8D2E6AEF602}.Debug|Any CPU.ActiveCfg = Debug|Any CPU
		{12919B20-E911-4F34-BC6D-B8D2E6AEF602}.Debug|Any CPU.Build.0 = Debug|Any CPU
		{12919B20-E911-4F34-BC6D-B8D2E6AEF602}.Debug|Any CPU.Deploy.0 = Debug|Any CPU
		{12919B20-E911-4F34-BC6D-B8D2E6AEF602}.Release|Any CPU.ActiveCfg = Release|Any CPU
		{12919B20-E911-4F34-BC6D-B8D2E6AEF602}.Release|Any CPU.Build.0 = Release|Any CPU
		{12919B20-E911-4F34-BC6D-B8D2E6AEF602}.Release|Any CPU.Deploy.0 = Release|Any CPU
	EndGlobalSection
	GlobalSection(SolutionProperties) = preSolution
		HideSolutionNode = FALSE
	EndGlobalSection
	GlobalSection(ExtensibilityGlobals) = postSolution
		SolutionGuid = {8A9750CC-F1BF-4C4A-8BB9-7650963256D6}
	EndGlobalSection
EndGlobal
